
Microsoft Visual Studio Solution File, Format Version 12.00
# Visual Studio Version 17
VisualStudioVersion = 17.14.36518.9 d17.14
MinimumVisualStudioVersion = 10.0.40219.1
Project("{FAE04EC0-301F-11D3-BF4B-00C04F79EFBC}") = "puzzle", "puzzle.csproj", "{449BB2BB-075D-43D4-B877-3D30AF7A97A2}"
EndProject
Global
	GlobalSection(SolutionConfigurationPlatforms) = preSolution
		Debug|Any CPU = Debug|Any CPU
		Release|Any CPU = Release|Any CPU
	EndGlobalSection
	GlobalSection(ProjectConfigurationPlatforms) = postSolution
		{449BB2BB-075D-43D4-B877-3D30AF7A97A2}.Debug|Any CPU.ActiveCfg = Debug|Any CPU
		{449BB2BB-075D-43D4-B877-3D30AF7A97A2}.Debug|Any CPU.Build.0 = Debug|Any CPU
		{449BB2BB-075D-43D4-B877-3D30AF7A97A2}.Release|Any CPU.ActiveCfg = Release|Any CPU
		{449BB2BB-075D-43D4-B877-3D30AF7A97A2}.Release|Any CPU.Build.0 = Release|Any CPU
	EndGlobalSection
	GlobalSection(SolutionProperties) = preSolution
		HideSolutionNode = FALSE
	EndGlobalSection
	GlobalSection(ExtensibilityGlobals) = postSolution
		SolutionGuid = {4B6D9BAD-3C67-4031-9408-E783F58647CF}
	EndGlobalSection
EndGlobal
