
Microsoft Visual Studio Solution File, Format Version 12.00
# Visual Studio Version 17
VisualStudioVersion = 17.14.36518.9 d17.14
MinimumVisualStudioVersion = 10.0.40219.1
Project("{FAE04EC0-301F-11D3-BF4B-00C04F79EFBC}") = "puzzleGamePBL", "puzzleGamePBL.csproj", "{6AA291CF-3CE0-4C54-8913-33C5C98F4192}"
EndProject
Global
	GlobalSection(SolutionConfigurationPlatforms) = preSolution
		Debug|Any CPU = Debug|Any CPU
		Release|Any CPU = Release|Any CPU
	EndGlobalSection
	GlobalSection(ProjectConfigurationPlatforms) = postSolution
		{6AA291CF-3CE0-4C54-8913-33C5C98F4192}.Debug|Any CPU.ActiveCfg = Debug|Any CPU
		{6AA291CF-3CE0-4C54-8913-33C5C98F4192}.Debug|Any CPU.Build.0 = Debug|Any CPU
		{6AA291CF-3CE0-4C54-8913-33C5C98F4192}.Release|Any CPU.ActiveCfg = Release|Any CPU
		{6AA291CF-3CE0-4C54-8913-33C5C98F4192}.Release|Any CPU.Build.0 = Release|Any CPU
	EndGlobalSection
	GlobalSection(SolutionProperties) = preSolution
		HideSolutionNode = FALSE
	EndGlobalSection
	GlobalSection(ExtensibilityGlobals) = postSolution
		SolutionGuid = {E7CE65EB-74B9-41CD-AA83-2466A9D2192A}
	EndGlobalSection
EndGlobal
